
Microsoft Visual Studio Solution File, Format Version 12.00
# Visual Studio 15
VisualStudioVersion = 15.0.27130.2036
MinimumVisualStudioVersion = 10.0.40219.1
Project("{8BC9CEB8-8B4A-11D0-8D11-00A0C91BC942}") = "vhall_webrtc_sdk", "vhall_webrtc_sdk\vhall_webrtc_sdk.vcxproj", "{7326DB85-E7BC-4620-A49E-E93630E6D573}"
EndProject
Project("{2150E333-8FDC-42A3-9474-1A3956D46DE8}") = "OBSWraped", "OBSWraped", "{746594BA-5348-424F-ACCD-54B3FC09F566}"
EndProject
Project("{2150E333-8FDC-42A3-9474-1A3956D46DE8}") = "ThirdPart", "ThirdPart", "{CDC3E98D-7FD3-44E2-A302-701493C1AD6F}"
EndProject
Project("{2150E333-8FDC-42A3-9474-1A3956D46DE8}") = "VhallMediaCore", "VhallMediaCore", "{7C193CE9-4C81-4A58-8816-9D0581646D88}"
EndProject
Project("{8BC9CEB8-8B4A-11D0-8D11-00A0C91BC942}") = "AudioEngine", "vhall_webrtc_sdk\3rdparty\vhall_live_core\AudioEngine\AudioEngine.vcxproj", "{6699DC0E-0CDA-4DB8-B6A7-0D95D36E2E12}"
EndProject
Project("{8BC9CEB8-8B4A-11D0-8D11-00A0C91BC942}") = "DShowPlugin", "vhall_webrtc_sdk\3rdparty\vhall_live_core\DShowPlugin\DShowPlugin.vcxproj", "{D75E4F7D-0CC8-4F0F-B8A2-5E384A27753C}"
EndProject
Project("{8BC9CEB8-8B4A-11D0-8D11-00A0C91BC942}") = "DecklinkDevice", "vhall_webrtc_sdk\3rdparty\vhall_live_core\DecklinkDevice\DecklinkDevice.vcxproj", "{7905A4EA-A6CF-47AD-BDE3-69D1E11DA5AC}"
EndProject
Project("{8BC9CEB8-8B4A-11D0-8D11-00A0C91BC942}") = "dshowcapture", "vhall_webrtc_sdk\3rdparty\vhall_live_core\libdshowcapture\vs\2013\dshowcapture\dshowcapture.vcxproj", "{FFF52519-38BB-4155-851D-4209EC67ACA7}"
EndProject
Project("{8BC9CEB8-8B4A-11D0-8D11-00A0C91BC942}") = "OBS", "vhall_webrtc_sdk\3rdparty\vhall_live_core\OBS\OBS.vcxproj", "{4C1C68CF-7A4A-46A0-9BB8-708A4FF0DB56}"
EndProject
Project("{8BC9CEB8-8B4A-11D0-8D11-00A0C91BC942}") = "OBSApi", "vhall_webrtc_sdk\3rdparty\vhall_live_core\OBSApi\OBSApi.vcxproj", "{11A35235-DD48-41E2-8F40-825C78024BC0}"
EndProject
Project("{8BC9CEB8-8B4A-11D0-8D11-00A0C91BC942}") = "VHMonitorCapture", "vhall_webrtc_sdk\3rdparty\vhall_live_core\VHMonitorCapture\VHMonitorCapture.vcxproj", "{52ACC450-8DD2-44B7-9E67-890B34D245E8}"
EndProject
Project("{8BC9CEB8-8B4A-11D0-8D11-00A0C91BC942}") = "MediaReader", "vhall_webrtc_sdk\3rdparty\vhall_live_core\MediaReader\MediaReader.vcxproj", "{EEC022A3-57A3-46FA-A4C5-B498B7CC8B68}"
EndProject
Project("{8BC9CEB8-8B4A-11D0-8D11-00A0C91BC942}") = "libsamplerate", "vhall_webrtc_sdk\3rdparty\vhall_live_core\libsamplerate\libsamplerate.vcxproj", "{47AFDBEF-F15F-4BC0-B436-5BE443C3F80F}"
EndProject
Project("{8BC9CEB8-8B4A-11D0-8D11-00A0C91BC942}") = "libUtility", "vhall_webrtc_sdk\3rdparty\vhall_live_core\libUtility\libUtility.vcxproj", "{7B821543-ED5B-4E9A-9CBA-2FA6EF06D6FC}"
EndProject
Project("{8BC9CEB8-8B4A-11D0-8D11-00A0C91BC942}") = "audio_mixing", "vhall_webrtc_sdk\3rdparty\vhall_live_core\vhall_media_core_build\3rdparty\audiomixing\audio_mixing.vcxproj", "{764888D4-8C4D-349E-A055-F70924A7ACE3}"
EndProject
Project("{8BC9CEB8-8B4A-11D0-8D11-00A0C91BC942}") = "libjingle", "vhall_webrtc_sdk\3rdparty\vhall_live_core\vhall_media_core_build\3rdparty\libjingle\talk\base\libjingle.vcxproj", "{4AC09980-3C38-3242-BDBF-C24320E09CE0}"
EndProject
Global
	GlobalSection(SolutionConfigurationPlatforms) = preSolution
		Debug|x64 = Debug|x64
		Debug|x86 = Debug|x86
		MinSizeRel|x64 = MinSizeRel|x64
		MinSizeRel|x86 = MinSizeRel|x86
		Release|x64 = Release|x64
		Release|x86 = Release|x86
		ReleaseHieLog|x64 = ReleaseHieLog|x64
		ReleaseHieLog|x86 = ReleaseHieLog|x86
		RelWithDebInfo|x64 = RelWithDebInfo|x64
		RelWithDebInfo|x86 = RelWithDebInfo|x86
	EndGlobalSection
	GlobalSection(ProjectConfigurationPlatforms) = postSolution
		{7326DB85-E7BC-4620-A49E-E93630E6D573}.Debug|x64.ActiveCfg = Debug|x64
		{7326DB85-E7BC-4620-A49E-E93630E6D573}.Debug|x64.Build.0 = Debug|x64
		{7326DB85-E7BC-4620-A49E-E93630E6D573}.Debug|x86.ActiveCfg = Debug|Win32
		{7326DB85-E7BC-4620-A49E-E93630E6D573}.Debug|x86.Build.0 = Debug|Win32
		{7326DB85-E7BC-4620-A49E-E93630E6D573}.MinSizeRel|x64.ActiveCfg = Release|x64
		{7326DB85-E7BC-4620-A49E-E93630E6D573}.MinSizeRel|x64.Build.0 = Release|x64
		{7326DB85-E7BC-4620-A49E-E93630E6D573}.MinSizeRel|x86.ActiveCfg = Release|Win32
		{7326DB85-E7BC-4620-A49E-E93630E6D573}.MinSizeRel|x86.Build.0 = Release|Win32
		{7326DB85-E7BC-4620-A49E-E93630E6D573}.Release|x64.ActiveCfg = Release|x64
		{7326DB85-E7BC-4620-A49E-E93630E6D573}.Release|x64.Build.0 = Release|x64
		{7326DB85-E7BC-4620-A49E-E93630E6D573}.Release|x86.ActiveCfg = Release|Win32
		{7326DB85-E7BC-4620-A49E-E93630E6D573}.Release|x86.Build.0 = Release|Win32
		{7326DB85-E7BC-4620-A49E-E93630E6D573}.ReleaseHieLog|x64.ActiveCfg = Release|x64
		{7326DB85-E7BC-4620-A49E-E93630E6D573}.ReleaseHieLog|x64.Build.0 = Release|x64
		{7326DB85-E7BC-4620-A49E-E93630E6D573}.ReleaseHieLog|x86.ActiveCfg = Release|Win32
		{7326DB85-E7BC-4620-A49E-E93630E6D573}.ReleaseHieLog|x86.Build.0 = Release|Win32
		{7326DB85-E7BC-4620-A49E-E93630E6D573}.RelWithDebInfo|x64.ActiveCfg = Release|x64
		{7326DB85-E7BC-4620-A49E-E93630E6D573}.RelWithDebInfo|x64.Build.0 = Release|x64
		{7326DB85-E7BC-4620-A49E-E93630E6D573}.RelWithDebInfo|x86.ActiveCfg = Release|Win32
		{7326DB85-E7BC-4620-A49E-E93630E6D573}.RelWithDebInfo|x86.Build.0 = Release|Win32
		{6699DC0E-0CDA-4DB8-B6A7-0D95D36E2E12}.Debug|x64.ActiveCfg = Debug|x64
		{6699DC0E-0CDA-4DB8-B6A7-0D95D36E2E12}.Debug|x64.Build.0 = Debug|x64
		{6699DC0E-0CDA-4DB8-B6A7-0D95D36E2E12}.Debug|x86.ActiveCfg = Debug|Win32
		{6699DC0E-0CDA-4DB8-B6A7-0D95D36E2E12}.Debug|x86.Build.0 = Debug|Win32
		{6699DC0E-0CDA-4DB8-B6A7-0D95D36E2E12}.MinSizeRel|x64.ActiveCfg = ReleaseHieLog|x64
		{6699DC0E-0CDA-4DB8-B6A7-0D95D36E2E12}.MinSizeRel|x64.Build.0 = ReleaseHieLog|x64
		{6699DC0E-0CDA-4DB8-B6A7-0D95D36E2E12}.MinSizeRel|x86.ActiveCfg = ReleaseHieLog|Win32
		{6699DC0E-0CDA-4DB8-B6A7-0D95D36E2E12}.MinSizeRel|x86.Build.0 = ReleaseHieLog|Win32
		{6699DC0E-0CDA-4DB8-B6A7-0D95D36E2E12}.Release|x64.ActiveCfg = Release|x64
		{6699DC0E-0CDA-4DB8-B6A7-0D95D36E2E12}.Release|x64.Build.0 = Release|x64
		{6699DC0E-0CDA-4DB8-B6A7-0D95D36E2E12}.Release|x86.ActiveCfg = Release|Win32
		{6699DC0E-0CDA-4DB8-B6A7-0D95D36E2E12}.Release|x86.Build.0 = Release|Win32
		{6699DC0E-0CDA-4DB8-B6A7-0D95D36E2E12}.ReleaseHieLog|x64.ActiveCfg = ReleaseHieLog|x64
		{6699DC0E-0CDA-4DB8-B6A7-0D95D36E2E12}.ReleaseHieLog|x64.Build.0 = ReleaseHieLog|x64
		{6699DC0E-0CDA-4DB8-B6A7-0D95D36E2E12}.ReleaseHieLog|x86.ActiveCfg = ReleaseHieLog|Win32
		{6699DC0E-0CDA-4DB8-B6A7-0D95D36E2E12}.ReleaseHieLog|x86.Build.0 = ReleaseHieLog|Win32
		{6699DC0E-0CDA-4DB8-B6A7-0D95D36E2E12}.RelWithDebInfo|x64.ActiveCfg = ReleaseHieLog|x64
		{6699DC0E-0CDA-4DB8-B6A7-0D95D36E2E12}.RelWithDebInfo|x64.Build.0 = ReleaseHieLog|x64
		{6699DC0E-0CDA-4DB8-B6A7-0D95D36E2E12}.RelWithDebInfo|x86.ActiveCfg = ReleaseHieLog|Win32
		{6699DC0E-0CDA-4DB8-B6A7-0D95D36E2E12}.RelWithDebInfo|x86.Build.0 = ReleaseHieLog|Win32
		{D75E4F7D-0CC8-4F0F-B8A2-5E384A27753C}.Debug|x64.ActiveCfg = Debug|x64
		{D75E4F7D-0CC8-4F0F-B8A2-5E384A27753C}.Debug|x64.Build.0 = Debug|x64
		{D75E4F7D-0CC8-4F0F-B8A2-5E384A27753C}.Debug|x86.ActiveCfg = Debug|Win32
		{D75E4F7D-0CC8-4F0F-B8A2-5E384A27753C}.Debug|x86.Build.0 = Debug|Win32
		{D75E4F7D-0CC8-4F0F-B8A2-5E384A27753C}.MinSizeRel|x64.ActiveCfg = ReleaseHieLog|x64
		{D75E4F7D-0CC8-4F0F-B8A2-5E384A27753C}.MinSizeRel|x64.Build.0 = ReleaseHieLog|x64
		{D75E4F7D-0CC8-4F0F-B8A2-5E384A27753C}.MinSizeRel|x86.ActiveCfg = ReleaseHieLog|Win32
		{D75E4F7D-0CC8-4F0F-B8A2-5E384A27753C}.MinSizeRel|x86.Build.0 = ReleaseHieLog|Win32
		{D75E4F7D-0CC8-4F0F-B8A2-5E384A27753C}.Release|x64.ActiveCfg = Release|x64
		{D75E4F7D-0CC8-4F0F-B8A2-5E384A27753C}.Release|x64.Build.0 = Release|x64
		{D75E4F7D-0CC8-4F0F-B8A2-5E384A27753C}.Release|x86.ActiveCfg = Release|Win32
		{D75E4F7D-0CC8-4F0F-B8A2-5E384A27753C}.Release|x86.Build.0 = Release|Win32
		{D75E4F7D-0CC8-4F0F-B8A2-5E384A27753C}.ReleaseHieLog|x64.ActiveCfg = ReleaseHieLog|x64
		{D75E4F7D-0CC8-4F0F-B8A2-5E384A27753C}.ReleaseHieLog|x64.Build.0 = ReleaseHieLog|x64
		{D75E4F7D-0CC8-4F0F-B8A2-5E384A27753C}.ReleaseHieLog|x86.ActiveCfg = ReleaseHieLog|Win32
		{D75E4F7D-0CC8-4F0F-B8A2-5E384A27753C}.ReleaseHieLog|x86.Build.0 = ReleaseHieLog|Win32
		{D75E4F7D-0CC8-4F0F-B8A2-5E384A27753C}.RelWithDebInfo|x64.ActiveCfg = ReleaseHieLog|x64
		{D75E4F7D-0CC8-4F0F-B8A2-5E384A27753C}.RelWithDebInfo|x64.Build.0 = ReleaseHieLog|x64
		{D75E4F7D-0CC8-4F0F-B8A2-5E384A27753C}.RelWithDebInfo|x86.ActiveCfg = ReleaseHieLog|Win32
		{D75E4F7D-0CC8-4F0F-B8A2-5E384A27753C}.RelWithDebInfo|x86.Build.0 = ReleaseHieLog|Win32
		{7905A4EA-A6CF-47AD-BDE3-69D1E11DA5AC}.Debug|x64.ActiveCfg = Debug|x64
		{7905A4EA-A6CF-47AD-BDE3-69D1E11DA5AC}.Debug|x64.Build.0 = Debug|x64
		{7905A4EA-A6CF-47AD-BDE3-69D1E11DA5AC}.Debug|x86.ActiveCfg = Debug|Win32
		{7905A4EA-A6CF-47AD-BDE3-69D1E11DA5AC}.Debug|x86.Build.0 = Debug|Win32
		{7905A4EA-A6CF-47AD-BDE3-69D1E11DA5AC}.MinSizeRel|x64.ActiveCfg = ReleaseHieLog|x64
		{7905A4EA-A6CF-47AD-BDE3-69D1E11DA5AC}.MinSizeRel|x64.Build.0 = ReleaseHieLog|x64
		{7905A4EA-A6CF-47AD-BDE3-69D1E11DA5AC}.MinSizeRel|x86.ActiveCfg = ReleaseHieLog|Win32
		{7905A4EA-A6CF-47AD-BDE3-69D1E11DA5AC}.MinSizeRel|x86.Build.0 = ReleaseHieLog|Win32
		{7905A4EA-A6CF-47AD-BDE3-69D1E11DA5AC}.Release|x64.ActiveCfg = Release|x64
		{7905A4EA-A6CF-47AD-BDE3-69D1E11DA5AC}.Release|x64.Build.0 = Release|x64
		{7905A4EA-A6CF-47AD-BDE3-69D1E11DA5AC}.Release|x86.ActiveCfg = Release|Win32
		{7905A4EA-A6CF-47AD-BDE3-69D1E11DA5AC}.Release|x86.Build.0 = Release|Win32
		{7905A4EA-A6CF-47AD-BDE3-69D1E11DA5AC}.ReleaseHieLog|x64.ActiveCfg = ReleaseHieLog|x64
		{7905A4EA-A6CF-47AD-BDE3-69D1E11DA5AC}.ReleaseHieLog|x64.Build.0 = ReleaseHieLog|x64
		{7905A4EA-A6CF-47AD-BDE3-69D1E11DA5AC}.ReleaseHieLog|x86.ActiveCfg = ReleaseHieLog|Win32
		{7905A4EA-A6CF-47AD-BDE3-69D1E11DA5AC}.ReleaseHieLog|x86.Build.0 = ReleaseHieLog|Win32
		{7905A4EA-A6CF-47AD-BDE3-69D1E11DA5AC}.RelWithDebInfo|x64.ActiveCfg = ReleaseHieLog|x64
		{7905A4EA-A6CF-47AD-BDE3-69D1E11DA5AC}.RelWithDebInfo|x64.Build.0 = ReleaseHieLog|x64
		{7905A4EA-A6CF-47AD-BDE3-69D1E11DA5AC}.RelWithDebInfo|x86.ActiveCfg = ReleaseHieLog|Win32
		{7905A4EA-A6CF-47AD-BDE3-69D1E11DA5AC}.RelWithDebInfo|x86.Build.0 = ReleaseHieLog|Win32
		{FFF52519-38BB-4155-851D-4209EC67ACA7}.Debug|x64.ActiveCfg = Debug|x64
		{FFF52519-38BB-4155-851D-4209EC67ACA7}.Debug|x64.Build.0 = Debug|x64
		{FFF52519-38BB-4155-851D-4209EC67ACA7}.Debug|x86.ActiveCfg = Debug|Win32
		{FFF52519-38BB-4155-851D-4209EC67ACA7}.Debug|x86.Build.0 = Debug|Win32
		{FFF52519-38BB-4155-851D-4209EC67ACA7}.MinSizeRel|x64.ActiveCfg = ReleaseHieLog|x64
		{FFF52519-38BB-4155-851D-4209EC67ACA7}.MinSizeRel|x64.Build.0 = ReleaseHieLog|x64
		{FFF52519-38BB-4155-851D-4209EC67ACA7}.MinSizeRel|x86.ActiveCfg = ReleaseHieLog|Win32
		{FFF52519-38BB-4155-851D-4209EC67ACA7}.MinSizeRel|x86.Build.0 = ReleaseHieLog|Win32
		{FFF52519-38BB-4155-851D-4209EC67ACA7}.Release|x64.ActiveCfg = Release|x64
		{FFF52519-38BB-4155-851D-4209EC67ACA7}.Release|x64.Build.0 = Release|x64
		{FFF52519-38BB-4155-851D-4209EC67ACA7}.Release|x86.ActiveCfg = Release|Win32
		{FFF52519-38BB-4155-851D-4209EC67ACA7}.Release|x86.Build.0 = Release|Win32
		{FFF52519-38BB-4155-851D-4209EC67ACA7}.ReleaseHieLog|x64.ActiveCfg = ReleaseHieLog|x64
		{FFF52519-38BB-4155-851D-4209EC67ACA7}.ReleaseHieLog|x64.Build.0 = ReleaseHieLog|x64
		{FFF52519-38BB-4155-851D-4209EC67ACA7}.ReleaseHieLog|x86.ActiveCfg = ReleaseHieLog|Win32
		{FFF52519-38BB-4155-851D-4209EC67ACA7}.ReleaseHieLog|x86.Build.0 = ReleaseHieLog|Win32
		{FFF52519-38BB-4155-851D-4209EC67ACA7}.RelWithDebInfo|x64.ActiveCfg = ReleaseHieLog|x64
		{FFF52519-38BB-4155-851D-4209EC67ACA7}.RelWithDebInfo|x64.Build.0 = ReleaseHieLog|x64
		{FFF52519-38BB-4155-851D-4209EC67ACA7}.RelWithDebInfo|x86.ActiveCfg = ReleaseHieLog|Win32
		{FFF52519-38BB-4155-851D-4209EC67ACA7}.RelWithDebInfo|x86.Build.0 = ReleaseHieLog|Win32
		{4C1C68CF-7A4A-46A0-9BB8-708A4FF0DB56}.Debug|x64.ActiveCfg = Debug|x64
		{4C1C68CF-7A4A-46A0-9BB8-708A4FF0DB56}.Debug|x64.Build.0 = Debug|x64
		{4C1C68CF-7A4A-46A0-9BB8-708A4FF0DB56}.Debug|x86.ActiveCfg = Debug|Win32
		{4C1C68CF-7A4A-46A0-9BB8-708A4FF0DB56}.Debug|x86.Build.0 = Debug|Win32
		{4C1C68CF-7A4A-46A0-9BB8-708A4FF0DB56}.MinSizeRel|x64.ActiveCfg = ReleaseHieLog|x64
		{4C1C68CF-7A4A-46A0-9BB8-708A4FF0DB56}.MinSizeRel|x64.Build.0 = ReleaseHieLog|x64
		{4C1C68CF-7A4A-46A0-9BB8-708A4FF0DB56}.MinSizeRel|x86.ActiveCfg = ReleaseHieLog|Win32
		{4C1C68CF-7A4A-46A0-9BB8-708A4FF0DB56}.MinSizeRel|x86.Build.0 = ReleaseHieLog|Win32
		{4C1C68CF-7A4A-46A0-9BB8-708A4FF0DB56}.Release|x64.ActiveCfg = Release|x64
		{4C1C68CF-7A4A-46A0-9BB8-708A4FF0DB56}.Release|x64.Build.0 = Release|x64
		{4C1C68CF-7A4A-46A0-9BB8-708A4FF0DB56}.Release|x86.ActiveCfg = Release|Win32
		{4C1C68CF-7A4A-46A0-9BB8-708A4FF0DB56}.Release|x86.Build.0 = Release|Win32
		{4C1C68CF-7A4A-46A0-9BB8-708A4FF0DB56}.ReleaseHieLog|x64.ActiveCfg = ReleaseHieLog|x64
		{4C1C68CF-7A4A-46A0-9BB8-708A4FF0DB56}.ReleaseHieLog|x64.Build.0 = ReleaseHieLog|x64
		{4C1C68CF-7A4A-46A0-9BB8-708A4FF0DB56}.ReleaseHieLog|x86.ActiveCfg = ReleaseHieLog|Win32
		{4C1C68CF-7A4A-46A0-9BB8-708A4FF0DB56}.ReleaseHieLog|x86.Build.0 = ReleaseHieLog|Win32
		{4C1C68CF-7A4A-46A0-9BB8-708A4FF0DB56}.RelWithDebInfo|x64.ActiveCfg = ReleaseHieLog|x64
		{4C1C68CF-7A4A-46A0-9BB8-708A4FF0DB56}.RelWithDebInfo|x64.Build.0 = ReleaseHieLog|x64
		{4C1C68CF-7A4A-46A0-9BB8-708A4FF0DB56}.RelWithDebInfo|x86.ActiveCfg = ReleaseHieLog|Win32
		{4C1C68CF-7A4A-46A0-9BB8-708A4FF0DB56}.RelWithDebInfo|x86.Build.0 = ReleaseHieLog|Win32
		{11A35235-DD48-41E2-8F40-825C78024BC0}.Debug|x64.ActiveCfg = Debug|x64
		{11A35235-DD48-41E2-8F40-825C78024BC0}.Debug|x64.Build.0 = Debug|x64
		{11A35235-DD48-41E2-8F40-825C78024BC0}.Debug|x86.ActiveCfg = Debug|Win32
		{11A35235-DD48-41E2-8F40-825C78024BC0}.Debug|x86.Build.0 = Debug|Win32
		{11A35235-DD48-41E2-8F40-825C78024BC0}.MinSizeRel|x64.ActiveCfg = ReleaseHieLog|x64
		{11A35235-DD48-41E2-8F40-825C78024BC0}.MinSizeRel|x64.Build.0 = ReleaseHieLog|x64
		{11A35235-DD48-41E2-8F40-825C78024BC0}.MinSizeRel|x86.ActiveCfg = ReleaseHieLog|Win32
		{11A35235-DD48-41E2-8F40-825C78024BC0}.MinSizeRel|x86.Build.0 = ReleaseHieLog|Win32
		{11A35235-DD48-41E2-8F40-825C78024BC0}.Release|x64.ActiveCfg = Release|x64
		{11A35235-DD48-41E2-8F40-825C78024BC0}.Release|x64.Build.0 = Release|x64
		{11A35235-DD48-41E2-8F40-825C78024BC0}.Release|x86.ActiveCfg = Release|Win32
		{11A35235-DD48-41E2-8F40-825C78024BC0}.Release|x86.Build.0 = Release|Win32
		{11A35235-DD48-41E2-8F40-825C78024BC0}.ReleaseHieLog|x64.ActiveCfg = ReleaseHieLog|x64
		{11A35235-DD48-41E2-8F40-825C78024BC0}.ReleaseHieLog|x64.Build.0 = ReleaseHieLog|x64
		{11A35235-DD48-41E2-8F40-825C78024BC0}.ReleaseHieLog|x86.ActiveCfg = ReleaseHieLog|Win32
		{11A35235-DD48-41E2-8F40-825C78024BC0}.ReleaseHieLog|x86.Build.0 = ReleaseHieLog|Win32
		{11A35235-DD48-41E2-8F40-825C78024BC0}.RelWithDebInfo|x64.ActiveCfg = ReleaseHieLog|x64
		{11A35235-DD48-41E2-8F40-825C78024BC0}.RelWithDebInfo|x64.Build.0 = ReleaseHieLog|x64
		{11A35235-DD48-41E2-8F40-825C78024BC0}.RelWithDebInfo|x86.ActiveCfg = ReleaseHieLog|Win32
		{11A35235-DD48-41E2-8F40-825C78024BC0}.RelWithDebInfo|x86.Build.0 = ReleaseHieLog|Win32
		{52ACC450-8DD2-44B7-9E67-890B34D245E8}.Debug|x64.ActiveCfg = Debug|Win32
		{52ACC450-8DD2-44B7-9E67-890B34D245E8}.Debug|x86.ActiveCfg = Debug|Win32
		{52ACC450-8DD2-44B7-9E67-890B34D245E8}.Debug|x86.Build.0 = Debug|Win32
		{52ACC450-8DD2-44B7-9E67-890B34D245E8}.MinSizeRel|x64.ActiveCfg = Release|Win32
		{52ACC450-8DD2-44B7-9E67-890B34D245E8}.MinSizeRel|x64.Build.0 = Release|Win32
		{52ACC450-8DD2-44B7-9E67-890B34D245E8}.MinSizeRel|x86.ActiveCfg = Release|Win32
		{52ACC450-8DD2-44B7-9E67-890B34D245E8}.MinSizeRel|x86.Build.0 = Release|Win32
		{52ACC450-8DD2-44B7-9E67-890B34D245E8}.Release|x64.ActiveCfg = Release|Win32
		{52ACC450-8DD2-44B7-9E67-890B34D245E8}.Release|x86.ActiveCfg = Release|Win32
		{52ACC450-8DD2-44B7-9E67-890B34D245E8}.Release|x86.Build.0 = Release|Win32
		{52ACC450-8DD2-44B7-9E67-890B34D245E8}.ReleaseHieLog|x64.ActiveCfg = Release|Win32
		{52ACC450-8DD2-44B7-9E67-890B34D245E8}.ReleaseHieLog|x64.Build.0 = Release|Win32
		{52ACC450-8DD2-44B7-9E67-890B34D245E8}.ReleaseHieLog|x86.ActiveCfg = Release|Win32
		{52ACC450-8DD2-44B7-9E67-890B34D245E8}.ReleaseHieLog|x86.Build.0 = Release|Win32
		{52ACC450-8DD2-44B7-9E67-890B34D245E8}.RelWithDebInfo|x64.ActiveCfg = Release|Win32
		{52ACC450-8DD2-44B7-9E67-890B34D245E8}.RelWithDebInfo|x64.Build.0 = Release|Win32
		{52ACC450-8DD2-44B7-9E67-890B34D245E8}.RelWithDebInfo|x86.ActiveCfg = Release|Win32
		{52ACC450-8DD2-44B7-9E67-890B34D245E8}.RelWithDebInfo|x86.Build.0 = Release|Win32
		{EEC022A3-57A3-46FA-A4C5-B498B7CC8B68}.Debug|x64.ActiveCfg = Debug|x64
		{EEC022A3-57A3-46FA-A4C5-B498B7CC8B68}.Debug|x64.Build.0 = Debug|x64
		{EEC022A3-57A3-46FA-A4C5-B498B7CC8B68}.Debug|x86.ActiveCfg = Debug|Win32
		{EEC022A3-57A3-46FA-A4C5-B498B7CC8B68}.Debug|x86.Build.0 = Debug|Win32
		{EEC022A3-57A3-46FA-A4C5-B498B7CC8B68}.MinSizeRel|x64.ActiveCfg = ReleaseHieLog|x64
		{EEC022A3-57A3-46FA-A4C5-B498B7CC8B68}.MinSizeRel|x64.Build.0 = ReleaseHieLog|x64
		{EEC022A3-57A3-46FA-A4C5-B498B7CC8B68}.MinSizeRel|x86.ActiveCfg = ReleaseHieLog|Win32
		{EEC022A3-57A3-46FA-A4C5-B498B7CC8B68}.MinSizeRel|x86.Build.0 = ReleaseHieLog|Win32
		{EEC022A3-57A3-46FA-A4C5-B498B7CC8B68}.Release|x64.ActiveCfg = Release|x64
		{EEC022A3-57A3-46FA-A4C5-B498B7CC8B68}.Release|x64.Build.0 = Release|x64
		{EEC022A3-57A3-46FA-A4C5-B498B7CC8B68}.Release|x86.ActiveCfg = Release|Win32
		{EEC022A3-57A3-46FA-A4C5-B498B7CC8B68}.Release|x86.Build.0 = Release|Win32
		{EEC022A3-57A3-46FA-A4C5-B498B7CC8B68}.ReleaseHieLog|x64.ActiveCfg = ReleaseHieLog|x64
		{EEC022A3-57A3-46FA-A4C5-B498B7CC8B68}.ReleaseHieLog|x64.Build.0 = ReleaseHieLog|x64
		{EEC022A3-57A3-46FA-A4C5-B498B7CC8B68}.ReleaseHieLog|x86.ActiveCfg = ReleaseHieLog|Win32
		{EEC022A3-57A3-46FA-A4C5-B498B7CC8B68}.ReleaseHieLog|x86.Build.0 = ReleaseHieLog|Win32
		{EEC022A3-57A3-46FA-A4C5-B498B7CC8B68}.RelWithDebInfo|x64.ActiveCfg = ReleaseHieLog|x64
		{EEC022A3-57A3-46FA-A4C5-B498B7CC8B68}.RelWithDebInfo|x64.Build.0 = ReleaseHieLog|x64
		{EEC022A3-57A3-46FA-A4C5-B498B7CC8B68}.RelWithDebInfo|x86.ActiveCfg = ReleaseHieLog|Win32
		{EEC022A3-57A3-46FA-A4C5-B498B7CC8B68}.RelWithDebInfo|x86.Build.0 = ReleaseHieLog|Win32
		{47AFDBEF-F15F-4BC0-B436-5BE443C3F80F}.Debug|x64.ActiveCfg = Debug|x64
		{47AFDBEF-F15F-4BC0-B436-5BE443C3F80F}.Debug|x64.Build.0 = Debug|x64
		{47AFDBEF-F15F-4BC0-B436-5BE443C3F80F}.Debug|x86.ActiveCfg = Debug|Win32
		{47AFDBEF-F15F-4BC0-B436-5BE443C3F80F}.Debug|x86.Build.0 = Debug|Win32
		{47AFDBEF-F15F-4BC0-B436-5BE443C3F80F}.MinSizeRel|x64.ActiveCfg = ReleaseHieLog|x64
		{47AFDBEF-F15F-4BC0-B436-5BE443C3F80F}.MinSizeRel|x64.Build.0 = ReleaseHieLog|x64
		{47AFDBEF-F15F-4BC0-B436-5BE443C3F80F}.MinSizeRel|x86.ActiveCfg = ReleaseHieLog|Win32
		{47AFDBEF-F15F-4BC0-B436-5BE443C3F80F}.MinSizeRel|x86.Build.0 = ReleaseHieLog|Win32
		{47AFDBEF-F15F-4BC0-B436-5BE443C3F80F}.Release|x64.ActiveCfg = Release|x64
		{47AFDBEF-F15F-4BC0-B436-5BE443C3F80F}.Release|x64.Build.0 = Release|x64
		{47AFDBEF-F15F-4BC0-B436-5BE443C3F80F}.Release|x86.ActiveCfg = Release|Win32
		{47AFDBEF-F15F-4BC0-B436-5BE443C3F80F}.Release|x86.Build.0 = Release|Win32
		{47AFDBEF-F15F-4BC0-B436-5BE443C3F80F}.ReleaseHieLog|x64.ActiveCfg = ReleaseHieLog|x64
		{47AFDBEF-F15F-4BC0-B436-5BE443C3F80F}.ReleaseHieLog|x64.Build.0 = ReleaseHieLog|x64
		{47AFDBEF-F15F-4BC0-B436-5BE443C3F80F}.ReleaseHieLog|x86.ActiveCfg = ReleaseHieLog|Win32
		{47AFDBEF-F15F-4BC0-B436-5BE443C3F80F}.ReleaseHieLog|x86.Build.0 = ReleaseHieLog|Win32
		{47AFDBEF-F15F-4BC0-B436-5BE443C3F80F}.RelWithDebInfo|x64.ActiveCfg = ReleaseHieLog|x64
		{47AFDBEF-F15F-4BC0-B436-5BE443C3F80F}.RelWithDebInfo|x64.Build.0 = ReleaseHieLog|x64
		{47AFDBEF-F15F-4BC0-B436-5BE443C3F80F}.RelWithDebInfo|x86.ActiveCfg = ReleaseHieLog|Win32
		{47AFDBEF-F15F-4BC0-B436-5BE443C3F80F}.RelWithDebInfo|x86.Build.0 = ReleaseHieLog|Win32
		{7B821543-ED5B-4E9A-9CBA-2FA6EF06D6FC}.Debug|x64.ActiveCfg = Debug|x64
		{7B821543-ED5B-4E9A-9CBA-2FA6EF06D6FC}.Debug|x64.Build.0 = Debug|x64
		{7B821543-ED5B-4E9A-9CBA-2FA6EF06D6FC}.Debug|x86.ActiveCfg = Debug|Win32
		{7B821543-ED5B-4E9A-9CBA-2FA6EF06D6FC}.Debug|x86.Build.0 = Debug|Win32
		{7B821543-ED5B-4E9A-9CBA-2FA6EF06D6FC}.MinSizeRel|x64.ActiveCfg = ReleaseHieLog|x64
		{7B821543-ED5B-4E9A-9CBA-2FA6EF06D6FC}.MinSizeRel|x64.Build.0 = ReleaseHieLog|x64
		{7B821543-ED5B-4E9A-9CBA-2FA6EF06D6FC}.MinSizeRel|x86.ActiveCfg = ReleaseHieLog|Win32
		{7B821543-ED5B-4E9A-9CBA-2FA6EF06D6FC}.MinSizeRel|x86.Build.0 = ReleaseHieLog|Win32
		{7B821543-ED5B-4E9A-9CBA-2FA6EF06D6FC}.Release|x64.ActiveCfg = Release|x64
		{7B821543-ED5B-4E9A-9CBA-2FA6EF06D6FC}.Release|x64.Build.0 = Release|x64
		{7B821543-ED5B-4E9A-9CBA-2FA6EF06D6FC}.Release|x86.ActiveCfg = Release|Win32
		{7B821543-ED5B-4E9A-9CBA-2FA6EF06D6FC}.Release|x86.Build.0 = Release|Win32
		{7B821543-ED5B-4E9A-9CBA-2FA6EF06D6FC}.ReleaseHieLog|x64.ActiveCfg = ReleaseHieLog|x64
		{7B821543-ED5B-4E9A-9CBA-2FA6EF06D6FC}.ReleaseHieLog|x64.Build.0 = ReleaseHieLog|x64
		{7B821543-ED5B-4E9A-9CBA-2FA6EF06D6FC}.ReleaseHieLog|x86.ActiveCfg = ReleaseHieLog|Win32
		{7B821543-ED5B-4E9A-9CBA-2FA6EF06D6FC}.ReleaseHieLog|x86.Build.0 = ReleaseHieLog|Win32
		{7B821543-ED5B-4E9A-9CBA-2FA6EF06D6FC}.RelWithDebInfo|x64.ActiveCfg = ReleaseHieLog|x64
		{7B821543-ED5B-4E9A-9CBA-2FA6EF06D6FC}.RelWithDebInfo|x64.Build.0 = ReleaseHieLog|x64
		{7B821543-ED5B-4E9A-9CBA-2FA6EF06D6FC}.RelWithDebInfo|x86.ActiveCfg = ReleaseHieLog|Win32
		{7B821543-ED5B-4E9A-9CBA-2FA6EF06D6FC}.RelWithDebInfo|x86.Build.0 = ReleaseHieLog|Win32
		{764888D4-8C4D-349E-A055-F70924A7ACE3}.Debug|x64.ActiveCfg = Debug|Win32
		{764888D4-8C4D-349E-A055-F70924A7ACE3}.Debug|x86.ActiveCfg = Debug|Win32
		{764888D4-8C4D-349E-A055-F70924A7ACE3}.Debug|x86.Build.0 = Debug|Win32
		{764888D4-8C4D-349E-A055-F70924A7ACE3}.MinSizeRel|x64.ActiveCfg = MinSizeRel|Win32
		{764888D4-8C4D-349E-A055-F70924A7ACE3}.MinSizeRel|x86.ActiveCfg = MinSizeRel|Win32
		{764888D4-8C4D-349E-A055-F70924A7ACE3}.MinSizeRel|x86.Build.0 = MinSizeRel|Win32
		{764888D4-8C4D-349E-A055-F70924A7ACE3}.Release|x64.ActiveCfg = Release|Win32
		{764888D4-8C4D-349E-A055-F70924A7ACE3}.Release|x86.ActiveCfg = Release|Win32
		{764888D4-8C4D-349E-A055-F70924A7ACE3}.Release|x86.Build.0 = Release|Win32
		{764888D4-8C4D-349E-A055-F70924A7ACE3}.ReleaseHieLog|x64.ActiveCfg = Release|Win32
		{764888D4-8C4D-349E-A055-F70924A7ACE3}.ReleaseHieLog|x64.Build.0 = Release|Win32
		{764888D4-8C4D-349E-A055-F70924A7ACE3}.ReleaseHieLog|x86.ActiveCfg = Release|Win32
		{764888D4-8C4D-349E-A055-F70924A7ACE3}.ReleaseHieLog|x86.Build.0 = Release|Win32
		{764888D4-8C4D-349E-A055-F70924A7ACE3}.RelWithDebInfo|x64.ActiveCfg = RelWithDebInfo|Win32
		{764888D4-8C4D-349E-A055-F70924A7ACE3}.RelWithDebInfo|x86.ActiveCfg = RelWithDebInfo|Win32
		{764888D4-8C4D-349E-A055-F70924A7ACE3}.RelWithDebInfo|x86.Build.0 = RelWithDebInfo|Win32
		{4AC09980-3C38-3242-BDBF-C24320E09CE0}.Debug|x64.ActiveCfg = Debug|Win32
		{4AC09980-3C38-3242-BDBF-C24320E09CE0}.Debug|x86.ActiveCfg = Debug|Win32
		{4AC09980-3C38-3242-BDBF-C24320E09CE0}.Debug|x86.Build.0 = Debug|Win32
		{4AC09980-3C38-3242-BDBF-C24320E09CE0}.MinSizeRel|x64.ActiveCfg = MinSizeRel|Win32
		{4AC09980-3C38-3242-BDBF-C24320E09CE0}.MinSizeRel|x86.ActiveCfg = MinSizeRel|Win32
		{4AC09980-3C38-3242-BDBF-C24320E09CE0}.MinSizeRel|x86.Build.0 = MinSizeRel|Win32
		{4AC09980-3C38-3242-BDBF-C24320E09CE0}.Release|x64.ActiveCfg = Release|Win32
		{4AC09980-3C38-3242-BDBF-C24320E09CE0}.Release|x86.ActiveCfg = Release|Win32
		{4AC09980-3C38-3242-BDBF-C24320E09CE0}.Release|x86.Build.0 = Release|Win32
		{4AC09980-3C38-3242-BDBF-C24320E09CE0}.ReleaseHieLog|x64.ActiveCfg = Release|Win32
		{4AC09980-3C38-3242-BDBF-C24320E09CE0}.ReleaseHieLog|x64.Build.0 = Release|Win32
		{4AC09980-3C38-3242-BDBF-C24320E09CE0}.ReleaseHieLog|x86.ActiveCfg = Release|Win32
		{4AC09980-3C38-3242-BDBF-C24320E09CE0}.ReleaseHieLog|x86.Build.0 = Release|Win32
		{4AC09980-3C38-3242-BDBF-C24320E09CE0}.RelWithDebInfo|x64.ActiveCfg = RelWithDebInfo|Win32
		{4AC09980-3C38-3242-BDBF-C24320E09CE0}.RelWithDebInfo|x86.ActiveCfg = RelWithDebInfo|Win32
		{4AC09980-3C38-3242-BDBF-C24320E09CE0}.RelWithDebInfo|x86.Build.0 = RelWithDebInfo|Win32
	EndGlobalSection
	GlobalSection(SolutionProperties) = preSolution
		HideSolutionNode = FALSE
	EndGlobalSection
	GlobalSection(NestedProjects) = preSolution
		{6699DC0E-0CDA-4DB8-B6A7-0D95D36E2E12} = {746594BA-5348-424F-ACCD-54B3FC09F566}
		{D75E4F7D-0CC8-4F0F-B8A2-5E384A27753C} = {746594BA-5348-424F-ACCD-54B3FC09F566}
		{7905A4EA-A6CF-47AD-BDE3-69D1E11DA5AC} = {746594BA-5348-424F-ACCD-54B3FC09F566}
		{FFF52519-38BB-4155-851D-4209EC67ACA7} = {746594BA-5348-424F-ACCD-54B3FC09F566}
		{4C1C68CF-7A4A-46A0-9BB8-708A4FF0DB56} = {746594BA-5348-424F-ACCD-54B3FC09F566}
		{11A35235-DD48-41E2-8F40-825C78024BC0} = {746594BA-5348-424F-ACCD-54B3FC09F566}
		{52ACC450-8DD2-44B7-9E67-890B34D245E8} = {746594BA-5348-424F-ACCD-54B3FC09F566}
		{EEC022A3-57A3-46FA-A4C5-B498B7CC8B68} = {746594BA-5348-424F-ACCD-54B3FC09F566}
		{47AFDBEF-F15F-4BC0-B436-5BE443C3F80F} = {CDC3E98D-7FD3-44E2-A302-701493C1AD6F}
		{7B821543-ED5B-4E9A-9CBA-2FA6EF06D6FC} = {CDC3E98D-7FD3-44E2-A302-701493C1AD6F}
		{764888D4-8C4D-349E-A055-F70924A7ACE3} = {7C193CE9-4C81-4A58-8816-9D0581646D88}
		{4AC09980-3C38-3242-BDBF-C24320E09CE0} = {7C193CE9-4C81-4A58-8816-9D0581646D88}
	EndGlobalSection
	GlobalSection(ExtensibilityGlobals) = postSolution
		SolutionGuid = {DDDFC506-6A50-4133-870E-0DE93ACD7DA5}
	EndGlobalSection
EndGlobal
